lockfileVersion: '9.0'

settings:
  autoInstallPeers: true
  excludeLinksFromLockfile: false

importers:

  .: {}

  packages/servoloop:
    optionalDependencies:
      servoloop-darwin-arm64:
        specifier: 0.1.0
        version: link:../servoloop-darwin-arm64
      servoloop-darwin-x64:
        specifier: 0.1.0
        version: link:../servoloop-darwin-x64
      servoloop-linux-x64:
        specifier: 0.1.0
        version: link:../servoloop-linux-x64
      servoloop-win32-x64:
        specifier: 0.1.0
        version: link:../servoloop-win32-x64

  packages/servoloop-darwin-arm64: {}

  packages/servoloop-darwin-x64: {}

  packages/servoloop-linux-x64: {}

  packages/servoloop-win32-x64: {}
